
Microsoft Visual Studio Solution File, Format Version 12.00
# Visual Studio Version 16
VisualStudioVersion = 16.0.31105.61
MinimumVisualStudioVersion = 10.0.40219.1
Project("{8BC9CEB8-8B4A-11D0-8D11-00A0C91BC942}") = "lab 10-11", "lab 10-11\lab 10-11.vcxproj", "{325FDE22-C7B6-4493-ADB0-B03854120EC9}"
EndProject
Global
	GlobalSection(SolutionConfigurationPlatforms) = preSolution
		Debug|x64 = Debug|x64
		Release|x64 = Release|x64
	EndGlobalSection
	GlobalSection(ProjectConfigurationPlatforms) = postSolution
		{325FDE22-C7B6-4493-ADB0-B03854120EC9}.Debug|x64.ActiveCfg = Debug|x64
		{325FDE22-C7B6-4493-ADB0-B03854120EC9}.Debug|x64.Build.0 = Debug|x64
		{325FDE22-C7B6-4493-ADB0-B03854120EC9}.Release|x64.ActiveCfg = Release|x64
		{325FDE22-C7B6-4493-ADB0-B03854120EC9}.Release|x64.Build.0 = Release|x64
	EndGlobalSection
	GlobalSection(SolutionProperties) = preSolution
		HideSolutionNode = FALSE
	EndGlobalSection
	GlobalSection(ExtensibilityGlobals) = postSolution
		SolutionGuid = {EBB3FD44-E062-4555-B279-BD41301EB357}
	EndGlobalSection
EndGlobal
